
Microsoft Visual Studio Solution File, Format Version 12.00
# Visual Studio Version 17
VisualStudioVersion = 17.13.35931.197
MinimumVisualStudioVersion = 10.0.40219.1
Project("{FAE04EC0-301F-11D3-BF4B-00C04F79EFBC}") = "DiscordGameSDKWrapper", "DiscordGameSDKWrapper\DiscordGameSDKWrapper.csproj", "{2B0A387A-3EEC-41EB-9460-072365EB1B97}"
EndProject
Project("{2150E333-8FDC-42A3-9474-1A3956D46DE8}") = "Solution Items", "Solution Items", "{8EC462FD-D22E-90A8-E5CE-7E832BA40C5D}"
	ProjectSection(SolutionItems) = preProject
		.gitignore = .gitignore
		nuget\buildTransitive\net472\DiscordGameSDKWrapper.targets = nuget\buildTransitive\net472\DiscordGameSDKWrapper.targets
		LICENSE.md = LICENSE.md
		README.md = README.md
	EndProjectSection
EndProject
Project("{FAE04EC0-301F-11D3-BF4B-00C04F79EFBC}") = "DiscordGameSDKWrapper.Example", "DiscordGameSDKWrapper.Example\DiscordGameSDKWrapper.Example.csproj", "{69BE668B-96ED-4202-B75F-8811D433F936}"
EndProject
Global
	GlobalSection(SolutionConfigurationPlatforms) = preSolution
		Debug|Any CPU = Debug|Any CPU
		Release|Any CPU = Release|Any CPU
	EndGlobalSection
	GlobalSection(ProjectConfigurationPlatforms) = postSolution
		{2B0A387A-3EEC-41EB-9460-072365EB1B97}.Debug|Any CPU.ActiveCfg = Debug|Any CPU
		{2B0A387A-3EEC-41EB-9460-072365EB1B97}.Debug|Any CPU.Build.0 = Debug|Any CPU
		{2B0A387A-3EEC-41EB-9460-072365EB1B97}.Release|Any CPU.ActiveCfg = Release|Any CPU
		{2B0A387A-3EEC-41EB-9460-072365EB1B97}.Release|Any CPU.Build.0 = Release|Any CPU
		{69BE668B-96ED-4202-B75F-8811D433F936}.Debug|Any CPU.ActiveCfg = Debug|Any CPU
		{69BE668B-96ED-4202-B75F-8811D433F936}.Debug|Any CPU.Build.0 = Debug|Any CPU
		{69BE668B-96ED-4202-B75F-8811D433F936}.Release|Any CPU.ActiveCfg = Release|Any CPU
		{69BE668B-96ED-4202-B75F-8811D433F936}.Release|Any CPU.Build.0 = Release|Any CPU
	EndGlobalSection
	GlobalSection(SolutionProperties) = preSolution
		HideSolutionNode = FALSE
	EndGlobalSection
	GlobalSection(ExtensibilityGlobals) = postSolution
		SolutionGuid = {9DBEE46A-1818-4773-B228-A759ABEA523B}
	EndGlobalSection
EndGlobal
